
Microsoft Visual Studio Solution File, Format Version 12.00
# Visual Studio 15
VisualStudioVersion = 15.0.28307.421
MinimumVisualStudioVersion = 10.0.40219.1
Project("{FAE04EC0-301F-11D3-BF4B-00C04F79EFBC}") = "MediaAluno", "MediaAluno\MediaAluno.csproj", "{08A8D3AD-E4B1-40FF-9AAA-BCFB7C50FF10}"
EndProject
Global
	GlobalSection(SolutionConfigurationPlatforms) = preSolution
		Debug|Any CPU = Debug|Any CPU
		Release|Any CPU = Release|Any CPU
	EndGlobalSection
	GlobalSection(ProjectConfigurationPlatforms) = postSolution
		{08A8D3AD-E4B1-40FF-9AAA-BCFB7C50FF10}.Debug|Any CPU.ActiveCfg = Debug|Any CPU
		{08A8D3AD-E4B1-40FF-9AAA-BCFB7C50FF10}.Debug|Any CPU.Build.0 = Debug|Any CPU
		{08A8D3AD-E4B1-40FF-9AAA-BCFB7C50FF10}.Release|Any CPU.ActiveCfg = Release|Any CPU
		{08A8D3AD-E4B1-40FF-9AAA-BCFB7C50FF10}.Release|Any CPU.Build.0 = Release|Any CPU
	EndGlobalSection
	GlobalSection(SolutionProperties) = preSolution
		HideSolutionNode = FALSE
	EndGlobalSection
	GlobalSection(ExtensibilityGlobals) = postSolution
		SolutionGuid = {109B1951-5559-4DC9-BFF1-F6E38CC3C93F}
	EndGlobalSection
EndGlobal
